
Microsoft Visual Studio Solution File, Format Version 11.00
# Visual Studio 2010
Project("{FAE04EC0-301F-11D3-BF4B-00C04F79EFBC}") = "PhotonUnityNetworking.Utilities", "PhotonUnityNetworking.Utilities.csproj", "{B9E04907-8004-1201-6DEC-2B1F46B2EFF3}"
EndProject
Project("{FAE04EC0-301F-11D3-BF4B-00C04F79EFBC}") = "PhotonChat", "PhotonChat.csproj", "{95FBD07A-F3D1-1F75-0182-8EA20C28F630}"
EndProject
Project("{FAE04EC0-301F-11D3-BF4B-00C04F79EFBC}") = "PhotonUnityNetworking", "PhotonUnityNetworking.csproj", "{F7AB9817-32E1-3B65-8291-417D8722DB7D}"
EndProject
Project("{FAE04EC0-301F-11D3-BF4B-00C04F79EFBC}") = "PhotonRealtime", "PhotonRealtime.csproj", "{4211B4A9-A60B-2988-222B-E7E5B3AECE28}"
EndProject
Project("{FAE04EC0-301F-11D3-BF4B-00C04F79EFBC}") = "PhotonWebSocket", "PhotonWebSocket.csproj", "{9819D037-EBA1-FFAB-F0D2-0B79727183C9}"
EndProject
Project("{FAE04EC0-301F-11D3-BF4B-00C04F79EFBC}") = "Assembly-CSharp", "Assembly-CSharp.csproj", "{FB81F989-A3FD-CA52-C22C-8CA3300A9ACF}"
EndProject
Project("{FAE04EC0-301F-11D3-BF4B-00C04F79EFBC}") = "PhotonUnityNetworking.Editor", "PhotonUnityNetworking.Editor.csproj", "{B5CEB5EF-6568-78EB-AC7F-337CEF6A5BC9}"
EndProject
Project("{FAE04EC0-301F-11D3-BF4B-00C04F79EFBC}") = "PhotonUnityNetworking.Utilities.PhotonPlayer.Editor", "PhotonUnityNetworking.Utilities.PhotonPlayer.Editor.csproj", "{355C2887-48ED-376D-6BF7-136FC2DA3587}"
EndProject
Project("{FAE04EC0-301F-11D3-BF4B-00C04F79EFBC}") = "PhotonUnityNetworking.Utilities.Culling.Editor", "PhotonUnityNetworking.Utilities.Culling.Editor.csproj", "{A2A2D2A1-F823-346B-8E2F-58E3F4753A31}"
EndProject
Global
	GlobalSection(SolutionConfigurationPlatforms) = preSolution
		Debug|Any CPU = Debug|Any CPU
		Release|Any CPU = Release|Any CPU
	EndGlobalSection
	GlobalSection(ProjectConfigurationPlatforms) = postSolution
		{B9E04907-8004-1201-6DEC-2B1F46B2EFF3}.Debug|Any CPU.ActiveCfg = Debug|Any CPU
		{B9E04907-8004-1201-6DEC-2B1F46B2EFF3}.Debug|Any CPU.Build.0 = Debug|Any CPU
		{B9E04907-8004-1201-6DEC-2B1F46B2EFF3}.Release|Any CPU.ActiveCfg = Release|Any CPU
		{B9E04907-8004-1201-6DEC-2B1F46B2EFF3}.Release|Any CPU.Build.0 = Release|Any CPU
		{95FBD07A-F3D1-1F75-0182-8EA20C28F630}.Debug|Any CPU.ActiveCfg = Debug|Any CPU
		{95FBD07A-F3D1-1F75-0182-8EA20C28F630}.Debug|Any CPU.Build.0 = Debug|Any CPU
		{95FBD07A-F3D1-1F75-0182-8EA20C28F630}.Release|Any CPU.ActiveCfg = Release|Any CPU
		{95FBD07A-F3D1-1F75-0182-8EA20C28F630}.Release|Any CPU.Build.0 = Release|Any CPU
		{F7AB9817-32E1-3B65-8291-417D8722DB7D}.Debug|Any CPU.ActiveCfg = Debug|Any CPU
		{F7AB9817-32E1-3B65-8291-417D8722DB7D}.Debug|Any CPU.Build.0 = Debug|Any CPU
		{F7AB9817-32E1-3B65-8291-417D8722DB7D}.Release|Any CPU.ActiveCfg = Release|Any CPU
		{F7AB9817-32E1-3B65-8291-417D8722DB7D}.Release|Any CPU.Build.0 = Release|Any CPU
		{4211B4A9-A60B-2988-222B-E7E5B3AECE28}.Debug|Any CPU.ActiveCfg = Debug|Any CPU
		{4211B4A9-A60B-2988-222B-E7E5B3AECE28}.Debug|Any CPU.Build.0 = Debug|Any CPU
		{4211B4A9-A60B-2988-222B-E7E5B3AECE28}.Release|Any CPU.ActiveCfg = Release|Any CPU
		{4211B4A9-A60B-2988-222B-E7E5B3AECE28}.Release|Any CPU.Build.0 = Release|Any CPU
		{9819D037-EBA1-FFAB-F0D2-0B79727183C9}.Debug|Any CPU.ActiveCfg = Debug|Any CPU
		{9819D037-EBA1-FFAB-F0D2-0B79727183C9}.Debug|Any CPU.Build.0 = Debug|Any CPU
		{9819D037-EBA1-FFAB-F0D2-0B79727183C9}.Release|Any CPU.ActiveCfg = Release|Any CPU
		{9819D037-EBA1-FFAB-F0D2-0B79727183C9}.Release|Any CPU.Build.0 = Release|Any CPU
		{FB81F989-A3FD-CA52-C22C-8CA3300A9ACF}.Debug|Any CPU.ActiveCfg = Debug|Any CPU
		{FB81F989-A3FD-CA52-C22C-8CA3300A9ACF}.Debug|Any CPU.Build.0 = Debug|Any CPU
		{FB81F989-A3FD-CA52-C22C-8CA3300A9ACF}.Release|Any CPU.ActiveCfg = Release|Any CPU
		{FB81F989-A3FD-CA52-C22C-8CA3300A9ACF}.Release|Any CPU.Build.0 = Release|Any CPU
		{B5CEB5EF-6568-78EB-AC7F-337CEF6A5BC9}.Debug|Any CPU.ActiveCfg = Debug|Any CPU
		{B5CEB5EF-6568-78EB-AC7F-337CEF6A5BC9}.Debug|Any CPU.Build.0 = Debug|Any CPU
		{B5CEB5EF-6568-78EB-AC7F-337CEF6A5BC9}.Release|Any CPU.ActiveCfg = Release|Any CPU
		{B5CEB5EF-6568-78EB-AC7F-337CEF6A5BC9}.Release|Any CPU.Build.0 = Release|Any CPU
		{355C2887-48ED-376D-6BF7-136FC2DA3587}.Debug|Any CPU.ActiveCfg = Debug|Any CPU
		{355C2887-48ED-376D-6BF7-136FC2DA3587}.Debug|Any CPU.Build.0 = Debug|Any CPU
		{355C2887-48ED-376D-6BF7-136FC2DA3587}.Release|Any CPU.ActiveCfg = Release|Any CPU
		{355C2887-48ED-376D-6BF7-136FC2DA3587}.Release|Any CPU.Build.0 = Release|Any CPU
		{A2A2D2A1-F823-346B-8E2F-58E3F4753A31}.Debug|Any CPU.ActiveCfg = Debug|Any CPU
		{A2A2D2A1-F823-346B-8E2F-58E3F4753A31}.Debug|Any CPU.Build.0 = Debug|Any CPU
		{A2A2D2A1-F823-346B-8E2F-58E3F4753A31}.Release|Any CPU.ActiveCfg = Release|Any CPU
		{A2A2D2A1-F823-346B-8E2F-58E3F4753A31}.Release|Any CPU.Build.0 = Release|Any CPU
	EndGlobalSection
	GlobalSection(SolutionProperties) = preSolution
		HideSolutionNode = FALSE
	EndGlobalSection
EndGlobal
